
Microsoft Visual Studio Solution File, Format Version 12.00
# Visual Studio Version 16
VisualStudioVersion = 16.0.30907.101
MinimumVisualStudioVersion = 10.0.40219.1
Project("{FAE04EC0-301F-11D3-BF4B-00C04F79EFBC}") = "Chapter_07 141 PaintTheButton", "Chapter_07 141 PaintTheButton.csproj", "{09889BBF-8D0F-4A1E-8D8F-6353EB1B7816}"
EndProject
Global
	GlobalSection(SolutionConfigurationPlatforms) = preSolution
		Debug|Any CPU = Debug|Any CPU
		Release|Any CPU = Release|Any CPU
	EndGlobalSection
	GlobalSection(ProjectConfigurationPlatforms) = postSolution
		{09889BBF-8D0F-4A1E-8D8F-6353EB1B7816}.Debug|Any CPU.ActiveCfg = Debug|Any CPU
		{09889BBF-8D0F-4A1E-8D8F-6353EB1B7816}.Debug|Any CPU.Build.0 = Debug|Any CPU
		{09889BBF-8D0F-4A1E-8D8F-6353EB1B7816}.Release|Any CPU.ActiveCfg = Release|Any CPU
		{09889BBF-8D0F-4A1E-8D8F-6353EB1B7816}.Release|Any CPU.Build.0 = Release|Any CPU
	EndGlobalSection
	GlobalSection(SolutionProperties) = preSolution
		HideSolutionNode = FALSE
	EndGlobalSection
	GlobalSection(ExtensibilityGlobals) = postSolution
		SolutionGuid = {839B592F-AF96-4972-AC52-8A111794ACF9}
	EndGlobalSection
EndGlobal
