
Microsoft Visual Studio Solution File, Format Version 12.00
# Visual Studio Version 16
VisualStudioVersion = 16.0.30907.101
MinimumVisualStudioVersion = 10.0.40219.1
Project("{FAE04EC0-301F-11D3-BF4B-00C04F79EFBC}") = "FirstCodeWPF", "FirstCodeWPF.csproj", "{042C4A80-78E8-416B-8707-D2545912E5DB}"
EndProject
Global
	GlobalSection(SolutionConfigurationPlatforms) = preSolution
		Debug|Any CPU = Debug|Any CPU
		Release|Any CPU = Release|Any CPU
	EndGlobalSection
	GlobalSection(ProjectConfigurationPlatforms) = postSolution
		{042C4A80-78E8-416B-8707-D2545912E5DB}.Debug|Any CPU.ActiveCfg = Debug|Any CPU
		{042C4A80-78E8-416B-8707-D2545912E5DB}.Debug|Any CPU.Build.0 = Debug|Any CPU
		{042C4A80-78E8-416B-8707-D2545912E5DB}.Release|Any CPU.ActiveCfg = Release|Any CPU
		{042C4A80-78E8-416B-8707-D2545912E5DB}.Release|Any CPU.Build.0 = Release|Any CPU
	EndGlobalSection
	GlobalSection(SolutionProperties) = preSolution
		HideSolutionNode = FALSE
	EndGlobalSection
	GlobalSection(ExtensibilityGlobals) = postSolution
		SolutionGuid = {2514B437-842B-4182-8D69-1142B083FB3E}
	EndGlobalSection
EndGlobal
