
Microsoft Visual Studio Solution File, Format Version 12.00
# Visual Studio Version 16
VisualStudioVersion = 16.0.30907.101
MinimumVisualStudioVersion = 10.0.40219.1
Project("{FAE04EC0-301F-11D3-BF4B-00C04F79EFBC}") = "FirstCourseWork", "FirstCourseWork.csproj", "{169244E9-7EAC-405E-BAC1-FBC7E21C75E5}"
EndProject
Global
	GlobalSection(SolutionConfigurationPlatforms) = preSolution
		Debug|Any CPU = Debug|Any CPU
		Release|Any CPU = Release|Any CPU
	EndGlobalSection
	GlobalSection(ProjectConfigurationPlatforms) = postSolution
		{169244E9-7EAC-405E-BAC1-FBC7E21C75E5}.Debug|Any CPU.ActiveCfg = Debug|Any CPU
		{169244E9-7EAC-405E-BAC1-FBC7E21C75E5}.Debug|Any CPU.Build.0 = Debug|Any CPU
		{169244E9-7EAC-405E-BAC1-FBC7E21C75E5}.Release|Any CPU.ActiveCfg = Release|Any CPU
		{169244E9-7EAC-405E-BAC1-FBC7E21C75E5}.Release|Any CPU.Build.0 = Release|Any CPU
	EndGlobalSection
	GlobalSection(SolutionProperties) = preSolution
		HideSolutionNode = FALSE
	EndGlobalSection
	GlobalSection(ExtensibilityGlobals) = postSolution
		SolutionGuid = {69233213-8C7D-465E-BB8D-06467AAD35F8}
	EndGlobalSection
EndGlobal
